
Microsoft Visual Studio Solution File, Format Version 12.00
# Visual Studio Version 16
VisualStudioVersion = 16.0.29920.165
MinimumVisualStudioVersion = 10.0.40219.1
Project("{9A19103F-16F7-4668-BE54-9A1E7A4F7556}") = "DrinkStore.DAL", "DrinkStore.DAL\DrinkStore.DAL.csproj", "{A552AA76-55E7-4F2A-A376-81A3EFB65708}"
EndProject
Project("{FAE04EC0-301F-11D3-BF4B-00C04F79EFBC}") = "DrinkStore.API", "DrinkStore.API\DrinkStore.API.csproj", "{D9794E6B-3054-4898-8E1A-240F17AB7C70}"
EndProject
Global
	GlobalSection(SolutionConfigurationPlatforms) = preSolution
		Debug|Any CPU = Debug|Any CPU
		Release|Any CPU = Release|Any CPU
	EndGlobalSection
	GlobalSection(ProjectConfigurationPlatforms) = postSolution
		{A552AA76-55E7-4F2A-A376-81A3EFB65708}.Debug|Any CPU.ActiveCfg = Debug|Any CPU
		{A552AA76-55E7-4F2A-A376-81A3EFB65708}.Debug|Any CPU.Build.0 = Debug|Any CPU
		{A552AA76-55E7-4F2A-A376-81A3EFB65708}.Release|Any CPU.ActiveCfg = Release|Any CPU
		{A552AA76-55E7-4F2A-A376-81A3EFB65708}.Release|Any CPU.Build.0 = Release|Any CPU
		{D9794E6B-3054-4898-8E1A-240F17AB7C70}.Debug|Any CPU.ActiveCfg = Debug|Any CPU
		{D9794E6B-3054-4898-8E1A-240F17AB7C70}.Debug|Any CPU.Build.0 = Debug|Any CPU
		{D9794E6B-3054-4898-8E1A-240F17AB7C70}.Release|Any CPU.ActiveCfg = Release|Any CPU
		{D9794E6B-3054-4898-8E1A-240F17AB7C70}.Release|Any CPU.Build.0 = Release|Any CPU
	EndGlobalSection
	GlobalSection(SolutionProperties) = preSolution
		HideSolutionNode = FALSE
	EndGlobalSection
	GlobalSection(ExtensibilityGlobals) = postSolution
		SolutionGuid = {6D4D541B-FF09-440B-8582-7EBE2C159C6A}
	EndGlobalSection
EndGlobal
